
Microsoft Visual Studio Solution File, Format Version 12.00
# Visual Studio Version 17
VisualStudioVersion = 17.14.36221.1
MinimumVisualStudioVersion = 10.0.40219.1
Project("{8BC9CEB8-8B4A-11D0-8D11-00A0C91BC942}") = "LinkFinder", "LinkFinder\LinkFinder.vcxproj", "{2EA59281-66B6-460A-92A0-15C2F0208080}"
EndProject
Project("{8BC9CEB8-8B4A-11D0-8D11-00A0C91BC942}") = "ProfileFinder", "ProfileFinder\ProfileFinder.vcxproj", "{608D2521-C1E2-4BB4-ABAD-A5A84706B60C}"
EndProject
Project("{8BC9CEB8-8B4A-11D0-8D11-00A0C91BC942}") = "Library", "Library\Library.vcxproj", "{48C5F947-3CAB-474F-8001-0D3A322E6D51}"
EndProject
Project("{8BC9CEB8-8B4A-11D0-8D11-00A0C91BC942}") = "HTMLCrawler", "HTMLCrawler\HTMLCrawler.vcxproj", "{9FF5FF8E-4CE4-422A-9859-0FCDE5E1BF45}"
EndProject
Global
	GlobalSection(SolutionConfigurationPlatforms) = preSolution
		Debug|x64 = Debug|x64
		Debug|x86 = Debug|x86
		HTMLCrawler|x64 = HTMLCrawler|x64
		HTMLCrawler|x86 = HTMLCrawler|x86
		LinkFinder|x64 = LinkFinder|x64
		LinkFinder|x86 = LinkFinder|x86
		ProfileFinder|x64 = ProfileFinder|x64
		ProfileFinder|x86 = ProfileFinder|x86
		Release|x64 = Release|x64
		Release|x86 = Release|x86
	EndGlobalSection
	GlobalSection(ProjectConfigurationPlatforms) = postSolution
		{2EA59281-66B6-460A-92A0-15C2F0208080}.Debug|x64.ActiveCfg = Debug|x64
		{2EA59281-66B6-460A-92A0-15C2F0208080}.Debug|x64.Build.0 = Debug|x64
		{2EA59281-66B6-460A-92A0-15C2F0208080}.Debug|x86.ActiveCfg = Debug|Win32
		{2EA59281-66B6-460A-92A0-15C2F0208080}.Debug|x86.Build.0 = Debug|Win32
		{2EA59281-66B6-460A-92A0-15C2F0208080}.HTMLCrawler|x64.ActiveCfg = Debug|x64
		{2EA59281-66B6-460A-92A0-15C2F0208080}.HTMLCrawler|x86.ActiveCfg = HTMLCrawler|Win32
		{2EA59281-66B6-460A-92A0-15C2F0208080}.HTMLCrawler|x86.Build.0 = HTMLCrawler|Win32
		{2EA59281-66B6-460A-92A0-15C2F0208080}.LinkFinder|x64.ActiveCfg = Debug|x64
		{2EA59281-66B6-460A-92A0-15C2F0208080}.LinkFinder|x64.Build.0 = Debug|x64
		{2EA59281-66B6-460A-92A0-15C2F0208080}.LinkFinder|x86.ActiveCfg = LinkFinder|Win32
		{2EA59281-66B6-460A-92A0-15C2F0208080}.LinkFinder|x86.Build.0 = LinkFinder|Win32
		{2EA59281-66B6-460A-92A0-15C2F0208080}.ProfileFinder|x64.ActiveCfg = Debug|x64
		{2EA59281-66B6-460A-92A0-15C2F0208080}.ProfileFinder|x86.ActiveCfg = ProfileFinder|Win32
		{2EA59281-66B6-460A-92A0-15C2F0208080}.ProfileFinder|x86.Build.0 = ProfileFinder|Win32
		{2EA59281-66B6-460A-92A0-15C2F0208080}.Release|x64.ActiveCfg = Release|x64
		{2EA59281-66B6-460A-92A0-15C2F0208080}.Release|x64.Build.0 = Release|x64
		{2EA59281-66B6-460A-92A0-15C2F0208080}.Release|x86.ActiveCfg = Release|Win32
		{2EA59281-66B6-460A-92A0-15C2F0208080}.Release|x86.Build.0 = Release|Win32
		{608D2521-C1E2-4BB4-ABAD-A5A84706B60C}.Debug|x64.ActiveCfg = Debug|x64
		{608D2521-C1E2-4BB4-ABAD-A5A84706B60C}.Debug|x64.Build.0 = Debug|x64
		{608D2521-C1E2-4BB4-ABAD-A5A84706B60C}.Debug|x86.ActiveCfg = Debug|Win32
		{608D2521-C1E2-4BB4-ABAD-A5A84706B60C}.Debug|x86.Build.0 = Debug|Win32
		{608D2521-C1E2-4BB4-ABAD-A5A84706B60C}.HTMLCrawler|x64.ActiveCfg = Debug|x64
		{608D2521-C1E2-4BB4-ABAD-A5A84706B60C}.HTMLCrawler|x86.ActiveCfg = HTMLCrawler|Win32
		{608D2521-C1E2-4BB4-ABAD-A5A84706B60C}.HTMLCrawler|x86.Build.0 = HTMLCrawler|Win32
		{608D2521-C1E2-4BB4-ABAD-A5A84706B60C}.LinkFinder|x64.ActiveCfg = Debug|x64
		{608D2521-C1E2-4BB4-ABAD-A5A84706B60C}.LinkFinder|x86.ActiveCfg = LinkFinder|Win32
		{608D2521-C1E2-4BB4-ABAD-A5A84706B60C}.LinkFinder|x86.Build.0 = LinkFinder|Win32
		{608D2521-C1E2-4BB4-ABAD-A5A84706B60C}.ProfileFinder|x64.ActiveCfg = Debug|x64
		{608D2521-C1E2-4BB4-ABAD-A5A84706B60C}.ProfileFinder|x64.Build.0 = Debug|x64
		{608D2521-C1E2-4BB4-ABAD-A5A84706B60C}.ProfileFinder|x86.ActiveCfg = ProfileFinder|Win32
		{608D2521-C1E2-4BB4-ABAD-A5A84706B60C}.ProfileFinder|x86.Build.0 = ProfileFinder|Win32
		{608D2521-C1E2-4BB4-ABAD-A5A84706B60C}.Release|x64.ActiveCfg = Release|x64
		{608D2521-C1E2-4BB4-ABAD-A5A84706B60C}.Release|x64.Build.0 = Release|x64
		{608D2521-C1E2-4BB4-ABAD-A5A84706B60C}.Release|x86.ActiveCfg = Release|Win32
		{608D2521-C1E2-4BB4-ABAD-A5A84706B60C}.Release|x86.Build.0 = Release|Win32
		{48C5F947-3CAB-474F-8001-0D3A322E6D51}.Debug|x64.ActiveCfg = Debug|x64
		{48C5F947-3CAB-474F-8001-0D3A322E6D51}.Debug|x64.Build.0 = Debug|x64
		{48C5F947-3CAB-474F-8001-0D3A322E6D51}.Debug|x86.ActiveCfg = Debug|Win32
		{48C5F947-3CAB-474F-8001-0D3A322E6D51}.Debug|x86.Build.0 = Debug|Win32
		{48C5F947-3CAB-474F-8001-0D3A322E6D51}.HTMLCrawler|x64.ActiveCfg = Debug|x64
		{48C5F947-3CAB-474F-8001-0D3A322E6D51}.HTMLCrawler|x64.Build.0 = Debug|x64
		{48C5F947-3CAB-474F-8001-0D3A322E6D51}.HTMLCrawler|x86.ActiveCfg = HTMLCrawler|Win32
		{48C5F947-3CAB-474F-8001-0D3A322E6D51}.HTMLCrawler|x86.Build.0 = HTMLCrawler|Win32
		{48C5F947-3CAB-474F-8001-0D3A322E6D51}.LinkFinder|x64.ActiveCfg = Debug|x64
		{48C5F947-3CAB-474F-8001-0D3A322E6D51}.LinkFinder|x64.Build.0 = Debug|x64
		{48C5F947-3CAB-474F-8001-0D3A322E6D51}.LinkFinder|x86.ActiveCfg = LinkFinder|Win32
		{48C5F947-3CAB-474F-8001-0D3A322E6D51}.LinkFinder|x86.Build.0 = LinkFinder|Win32
		{48C5F947-3CAB-474F-8001-0D3A322E6D51}.ProfileFinder|x64.ActiveCfg = Debug|x64
		{48C5F947-3CAB-474F-8001-0D3A322E6D51}.ProfileFinder|x64.Build.0 = Debug|x64
		{48C5F947-3CAB-474F-8001-0D3A322E6D51}.ProfileFinder|x86.ActiveCfg = ProfileFinder|Win32
		{48C5F947-3CAB-474F-8001-0D3A322E6D51}.ProfileFinder|x86.Build.0 = ProfileFinder|Win32
		{48C5F947-3CAB-474F-8001-0D3A322E6D51}.Release|x64.ActiveCfg = Release|x64
		{48C5F947-3CAB-474F-8001-0D3A322E6D51}.Release|x64.Build.0 = Release|x64
		{48C5F947-3CAB-474F-8001-0D3A322E6D51}.Release|x86.ActiveCfg = Release|Win32
		{48C5F947-3CAB-474F-8001-0D3A322E6D51}.Release|x86.Build.0 = Release|Win32
		{9FF5FF8E-4CE4-422A-9859-0FCDE5E1BF45}.Debug|x64.ActiveCfg = Debug|x64
		{9FF5FF8E-4CE4-422A-9859-0FCDE5E1BF45}.Debug|x64.Build.0 = Debug|x64
		{9FF5FF8E-4CE4-422A-9859-0FCDE5E1BF45}.Debug|x86.ActiveCfg = Debug|Win32
		{9FF5FF8E-4CE4-422A-9859-0FCDE5E1BF45}.Debug|x86.Build.0 = Debug|Win32
		{9FF5FF8E-4CE4-422A-9859-0FCDE5E1BF45}.HTMLCrawler|x64.ActiveCfg = Debug|x64
		{9FF5FF8E-4CE4-422A-9859-0FCDE5E1BF45}.HTMLCrawler|x64.Build.0 = Debug|x64
		{9FF5FF8E-4CE4-422A-9859-0FCDE5E1BF45}.HTMLCrawler|x86.ActiveCfg = Release|Win32
		{9FF5FF8E-4CE4-422A-9859-0FCDE5E1BF45}.HTMLCrawler|x86.Build.0 = Release|Win32
		{9FF5FF8E-4CE4-422A-9859-0FCDE5E1BF45}.LinkFinder|x64.ActiveCfg = Debug|x64
		{9FF5FF8E-4CE4-422A-9859-0FCDE5E1BF45}.LinkFinder|x86.ActiveCfg = Release|Win32
		{9FF5FF8E-4CE4-422A-9859-0FCDE5E1BF45}.LinkFinder|x86.Build.0 = Release|Win32
		{9FF5FF8E-4CE4-422A-9859-0FCDE5E1BF45}.ProfileFinder|x64.ActiveCfg = Debug|x64
		{9FF5FF8E-4CE4-422A-9859-0FCDE5E1BF45}.ProfileFinder|x86.ActiveCfg = Release|Win32
		{9FF5FF8E-4CE4-422A-9859-0FCDE5E1BF45}.ProfileFinder|x86.Build.0 = Release|Win32
		{9FF5FF8E-4CE4-422A-9859-0FCDE5E1BF45}.Release|x64.ActiveCfg = Release|x64
		{9FF5FF8E-4CE4-422A-9859-0FCDE5E1BF45}.Release|x64.Build.0 = Release|x64
		{9FF5FF8E-4CE4-422A-9859-0FCDE5E1BF45}.Release|x86.ActiveCfg = Release|Win32
		{9FF5FF8E-4CE4-422A-9859-0FCDE5E1BF45}.Release|x86.Build.0 = Release|Win32
	EndGlobalSection
	GlobalSection(SolutionProperties) = preSolution
		HideSolutionNode = FALSE
	EndGlobalSection
	GlobalSection(ExtensibilityGlobals) = postSolution
		SolutionGuid = {02E93454-FE34-417B-956A-462E2B2D9ACC}
	EndGlobalSection
EndGlobal
